// !$*UTF8*$!
{
	archiveVersion = 1;
	classes = {
	};
	objectVersion = 50;
	objects = {

/* Begin PBXBuildFile section */
		190125022150336D001A7E73 /* WikiViewController.swift in Sources */ = {isa = PBXBuildFile; fileRef = 190125002150336D001A7E73 /* WikiViewController.swift */; };
		190125032150336D001A7E73 /* WikiViewController.xib in Resources */ = {isa = PBXBuildFile; fileRef = 190125012150336D001A7E73 /* WikiViewController.xib */; };
		19012506215059D1001A7E73 /* HouseListViewController.swift in Sources */ = {isa = PBXBuildFile; fileRef = 19012504215059D1001A7E73 /* HouseListViewController.swift */; };
		19012507215059D1001A7E73 /* HouseListViewController.xib in Resources */ = {isa = PBXBuildFile; fileRef = 19012505215059D1001A7E73 /* HouseListViewController.xib */; };
		1938FC73215189AB009D09BE /* MemberListViewController.swift in Sources */ = {isa = PBXBuildFile; fileRef = 1938FC71215189AB009D09BE /* MemberListViewController.swift */; };
		1938FC74215189AB009D09BE /* MemberListViewController.xib in Resources */ = {isa = PBXBuildFile; fileRef = 1938FC72215189AB009D09BE /* MemberListViewController.xib */; };
		1938FC762151A8BA009D09BE /* Constants.swift in Sources */ = {isa = PBXBuildFile; fileRef = 1938FC752151A8BA009D09BE /* Constants.swift */; };
		1942F4DF2141B371009210B7 /* AppDelegate.swift in Sources */ = {isa = PBXBuildFile; fileRef = 1942F4DE2141B371009210B7 /* AppDelegate.swift */; };
		1942F4E62141B373009210B7 /* Assets.xcassets in Resources */ = {isa = PBXBuildFile; fileRef = 1942F4E52141B373009210B7 /* Assets.xcassets */; };
		1942F4E92141B373009210B7 /* LaunchScreen.storyboard in Resources */ = {isa = PBXBuildFile; fileRef = 1942F4E72141B373009210B7 /* LaunchScreen.storyboard */; };
		1942F5022141BD99009210B7 /* House.swift in Sources */ = {isa = PBXBuildFile; fileRef = 1942F5012141BD99009210B7 /* House.swift */; };
		1942F5042141C21F009210B7 /* Sigil.swift in Sources */ = {isa = PBXBuildFile; fileRef = 1942F5032141C21F009210B7 /* Sigil.swift */; };
		1942F5082141C918009210B7 /* Person.swift in Sources */ = {isa = PBXBuildFile; fileRef = 1942F5072141C918009210B7 /* Person.swift */; };
		1942F50B2141D60A009210B7 /* HouseTests.swift in Sources */ = {isa = PBXBuildFile; fileRef = 1942F5092141D60A009210B7 /* HouseTests.swift */; };
		1942F50C2141D60A009210B7 /* PersonTests.swift in Sources */ = {isa = PBXBuildFile; fileRef = 1942F50A2141D60A009210B7 /* PersonTests.swift */; };
		196D92B821563D87009CFA11 /* Season.swift in Sources */ = {isa = PBXBuildFile; fileRef = 196D92B721563D87009CFA11 /* Season.swift */; };
		196D92BA21563E2A009CFA11 /* Episode.swift in Sources */ = {isa = PBXBuildFile; fileRef = 196D92B921563E2A009CFA11 /* Episode.swift */; };
		196D92BC21564CEF009CFA11 /* EpisodeTests.swift in Sources */ = {isa = PBXBuildFile; fileRef = 196D92BB21564CEF009CFA11 /* EpisodeTests.swift */; };
		196D92BE21566250009CFA11 /* Date+String.swift in Sources */ = {isa = PBXBuildFile; fileRef = 196D92BD21566250009CFA11 /* Date+String.swift */; };
		1979DA5A21598645004B02B1 /* SeasonListViewController.swift in Sources */ = {isa = PBXBuildFile; fileRef = 1979DA5821598645004B02B1 /* SeasonListViewController.swift */; };
		1979DA5B21598645004B02B1 /* SeasonListViewController.xib in Resources */ = {isa = PBXBuildFile; fileRef = 1979DA5921598645004B02B1 /* SeasonListViewController.xib */; };
		1979DA5E2159872E004B02B1 /* SeasonCell.swift in Sources */ = {isa = PBXBuildFile; fileRef = 1979DA5C2159872E004B02B1 /* SeasonCell.swift */; };
		1979DA5F2159872E004B02B1 /* SeasonCell.xib in Resources */ = {isa = PBXBuildFile; fileRef = 1979DA5D2159872E004B02B1 /* SeasonCell.xib */; };
		19922D012157E66C00A38746 /* SeasonTests.swift in Sources */ = {isa = PBXBuildFile; fileRef = 19922D002157E66C00A38746 /* SeasonTests.swift */; };
		1994C7C52152DACD00E51424 /* Notification+Name.swift in Sources */ = {isa = PBXBuildFile; fileRef = 1994C7C42152DACD00E51424 /* Notification+Name.swift */; };
		1994C7C92152DF3100E51424 /* HouseCell.swift in Sources */ = {isa = PBXBuildFile; fileRef = 1994C7C72152DF3100E51424 /* HouseCell.swift */; };
		1994C7CA2152DF3100E51424 /* HouseCell.xib in Resources */ = {isa = PBXBuildFile; fileRef = 1994C7C82152DF3100E51424 /* HouseCell.xib */; };
		1994C7CE2152EC4900E51424 /* HouseCollectionViewController.swift in Sources */ = {isa = PBXBuildFile; fileRef = 1994C7CC2152EC4900E51424 /* HouseCollectionViewController.swift */; };
		1994C7CF2152EC4900E51424 /* HouseCollectionViewController.xib in Resources */ = {isa = PBXBuildFile; fileRef = 1994C7CD2152EC4900E51424 /* HouseCollectionViewController.xib */; };
		1994C7D22152F2D900E51424 /* HouseCollectionViewCell.swift in Sources */ = {isa = PBXBuildFile; fileRef = 1994C7D02152F2D900E51424 /* HouseCollectionViewCell.swift */; };
		1994C7D32152F2D900E51424 /* HouseCollectionViewCell.xib in Resources */ = {isa = PBXBuildFile; fileRef = 1994C7D12152F2D900E51424 /* HouseCollectionViewCell.xib */; };
		19BA826D2149A31F008EB623 /* HouseDetailViewController.swift in Sources */ = {isa = PBXBuildFile; fileRef = 19BA826B2149A31F008EB623 /* HouseDetailViewController.swift */; };
		19BA826E2149A31F008EB623 /* HouseDetailViewController.xib in Resources */ = {isa = PBXBuildFile; fileRef = 19BA826C2149A31F008EB623 /* HouseDetailViewController.xib */; };
		19BA82732149A383008EB623 /* targaryenSmall.jpg in Resources */ = {isa = PBXBuildFile; fileRef = 19BA82702149A383008EB623 /* targaryenSmall.jpg */; };
		19BA82742149A383008EB623 /* lannister.jpg in Resources */ = {isa = PBXBuildFile; fileRef = 19BA82712149A383008EB623 /* lannister.jpg */; };
		19BA82752149A383008EB623 /* codeIsComing.png in Resources */ = {isa = PBXBuildFile; fileRef = 19BA82722149A383008EB623 /* codeIsComing.png */; };
		19BA82782149B9F1008EB623 /* UIViewController+Navigation.swift in Sources */ = {isa = PBXBuildFile; fileRef = 19BA82772149B9F1008EB623 /* UIViewController+Navigation.swift */; };
		19BA827A2149BBFD008EB623 /* RepositoryTests.swift in Sources */ = {isa = PBXBuildFile; fileRef = 19BA82792149BBFD008EB623 /* RepositoryTests.swift */; };
		19BA827D2149BCC1008EB623 /* Repository.swift in Sources */ = {isa = PBXBuildFile; fileRef = 19BA827C2149BCC1008EB623 /* Repository.swift */; };
		19DC939221601966002C6800 /* Colors.swift in Sources */ = {isa = PBXBuildFile; fileRef = 19DC939121601966002C6800 /* Colors.swift */; };
		19E77FC0215D350E00474796 /* EpisodeListViewController.swift in Sources */ = {isa = PBXBuildFile; fileRef = 19E77FBE215D350E00474796 /* EpisodeListViewController.swift */; };
		19E77FC1215D350E00474796 /* EpisodeListViewController.xib in Resources */ = {isa = PBXBuildFile; fileRef = 19E77FBF215D350E00474796 /* EpisodeListViewController.xib */; };
		19E77FC4215D3C5400474796 /* EpisodeDetailViewController.swift in Sources */ = {isa = PBXBuildFile; fileRef = 19E77FC2215D3C5400474796 /* EpisodeDetailViewController.swift */; };
		19E77FC5215D3C5400474796 /* EpisodeDetailViewController.xib in Resources */ = {isa = PBXBuildFile; fileRef = 19E77FC3215D3C5400474796 /* EpisodeDetailViewController.xib */; };
		19EE80C22160DD8900527D9E /* House-Arryn-Main-Shield.png in Resources */ = {isa = PBXBuildFile; fileRef = 19EE80C12160DD8900527D9E /* House-Arryn-Main-Shield.png */; };
		19EE80C42160DF9B00527D9E /* House-Greyjoy-Main-Shield.png in Resources */ = {isa = PBXBuildFile; fileRef = 19EE80C32160DF9B00527D9E /* House-Greyjoy-Main-Shield.png */; };
		19EE80C8216106D400527D9E /* House_Bolton.png in Resources */ = {isa = PBXBuildFile; fileRef = 19EE80C7216106D400527D9E /* House_Bolton.png */; };
		19EE80CA2161098100527D9E /* House-Tully-Main-Shield.png in Resources */ = {isa = PBXBuildFile; fileRef = 19EE80C92161098100527D9E /* House-Tully-Main-Shield.png */; };
		19EE80CC21610D0500527D9E /* House-Frey-Main-Shield.png in Resources */ = {isa = PBXBuildFile; fileRef = 19EE80CB21610D0500527D9E /* House-Frey-Main-Shield.png */; };
		19FB8A49215A93E2008A002A /* SeasonDetailViewController.swift in Sources */ = {isa = PBXBuildFile; fileRef = 19FB8A47215A93E2008A002A /* SeasonDetailViewController.swift */; };
		19FB8A4A215A93E2008A002A /* SeasonDetailViewController.xib in Resources */ = {isa = PBXBuildFile; fileRef = 19FB8A48215A93E2008A002A /* SeasonDetailViewController.xib */; };
		19FB8A4D215AB630008A002A /* MemberDetailViewController.swift in Sources */ = {isa = PBXBuildFile; fileRef = 19FB8A4B215AB630008A002A /* MemberDetailViewController.swift */; };
		19FB8A4E215AB630008A002A /* MemberDetailViewController.xib in Resources */ = {isa = PBXBuildFile; fileRef = 19FB8A4C215AB630008A002A /* MemberDetailViewController.xib */; };
/* End PBXBuildFile section */

/* Begin PBXContainerItemProxy section */
		1942F4F02141B373009210B7 /* PBXContainerItemProxy */ = {
			isa = PBXContainerItemProxy;
			containerPortal = 1942F4D32141B371009210B7 /* Project object */;
			proxyType = 1;
			remoteGlobalIDString = 1942F4DA2141B371009210B7;
			remoteInfo = Westeros;
		};
/* End PBXContainerItemProxy section */

/* Begin PBXFileReference section */
		190125002150336D001A7E73 /* WikiViewController.swift */ = {isa = PBXFileReference; lastKnownFileType = sourcecode.swift; path = WikiViewController.swift; sourceTree = "<group>"; };
		190125012150336D001A7E73 /* WikiViewController.xib */ = {isa = PBXFileReference; lastKnownFileType = file.xib; path = WikiViewController.xib; sourceTree = "<group>"; };
		19012504215059D1001A7E73 /* HouseListViewController.swift */ = {isa = PBXFileReference; lastKnownFileType = sourcecode.swift; path = HouseListViewController.swift; sourceTree = "<group>"; };
		19012505215059D1001A7E73 /* HouseListViewController.xib */ = {isa = PBXFileReference; lastKnownFileType = file.xib; path = HouseListViewController.xib; sourceTree = "<group>"; };
		1938FC71215189AB009D09BE /* MemberListViewController.swift */ = {isa = PBXFileReference; lastKnownFileType = sourcecode.swift; path = MemberListViewController.swift; sourceTree = "<group>"; };
		1938FC72215189AB009D09BE /* MemberListViewController.xib */ = {isa = PBXFileReference; lastKnownFileType = file.xib; path = MemberListViewController.xib; sourceTree = "<group>"; };
		1938FC752151A8BA009D09BE /* Constants.swift */ = {isa = PBXFileReference; lastKnownFileType = sourcecode.swift; path = Constants.swift; sourceTree = "<group>"; };
		1942F4DB2141B371009210B7 /* Westeros.app */ = {isa = PBXFileReference; explicitFileType = wrapper.application; includeInIndex = 0; path = Westeros.app; sourceTree = BUILT_PRODUCTS_DIR; };
		1942F4DE2141B371009210B7 /* AppDelegate.swift */ = {isa = PBXFileReference; lastKnownFileType = sourcecode.swift; path = AppDelegate.swift; sourceTree = "<group>"; };
		1942F4E52141B373009210B7 /* Assets.xcassets */ = {isa = PBXFileReference; lastKnownFileType = folder.assetcatalog; path = Assets.xcassets; sourceTree = "<group>"; };
		1942F4E82141B373009210B7 /* Base */ = {isa = PBXFileReference; lastKnownFileType = file.storyboard; name = Base; path = Base.lproj/LaunchScreen.storyboard; sourceTree = "<group>"; };
		1942F4EA2141B373009210B7 /* Info.plist */ = {isa = PBXFileReference; lastKnownFileType = text.plist.xml; path = Info.plist; sourceTree = "<group>"; };
		1942F4EF2141B373009210B7 /* WesterosTests.xctest */ = {isa = PBXFileReference; explicitFileType = wrapper.cfbundle; includeInIndex = 0; path = WesterosTests.xctest; sourceTree = BUILT_PRODUCTS_DIR; };
		1942F4F52141B373009210B7 /* Info.plist */ = {isa = PBXFileReference; lastKnownFileType = text.plist.xml; path = Info.plist; sourceTree = "<group>"; };
		1942F5012141BD99009210B7 /* House.swift */ = {isa = PBXFileReference; lastKnownFileType = sourcecode.swift; path = House.swift; sourceTree = "<group>"; };
		1942F5032141C21F009210B7 /* Sigil.swift */ = {isa = PBXFileReference; lastKnownFileType = sourcecode.swift; path = Sigil.swift; sourceTree = "<group>"; };
		1942F5072141C918009210B7 /* Person.swift */ = {isa = PBXFileReference; lastKnownFileType = sourcecode.swift; path = Person.swift; sourceTree = "<group>"; };
		1942F5092141D60A009210B7 /* HouseTests.swift */ = {isa = PBXFileReference; fileEncoding = 4; lastKnownFileType = sourcecode.swift; path = HouseTests.swift; sourceTree = "<group>"; };
		1942F50A2141D60A009210B7 /* PersonTests.swift */ = {isa = PBXFileReference; fileEncoding = 4; lastKnownFileType = sourcecode.swift; path = PersonTests.swift; sourceTree = "<group>"; };
		196D92B721563D87009CFA11 /* Season.swift */ = {isa = PBXFileReference; lastKnownFileType = sourcecode.swift; path = Season.swift; sourceTree = "<group>"; };
		196D92B921563E2A009CFA11 /* Episode.swift */ = {isa = PBXFileReference; lastKnownFileType = sourcecode.swift; path = Episode.swift; sourceTree = "<group>"; };
		196D92BB21564CEF009CFA11 /* EpisodeTests.swift */ = {isa = PBXFileReference; lastKnownFileType = sourcecode.swift; path = EpisodeTests.swift; sourceTree = "<group>"; };
		196D92BD21566250009CFA11 /* Date+String.swift */ = {isa = PBXFileReference; lastKnownFileType = sourcecode.swift; path = "Date+String.swift"; sourceTree = "<group>"; };
		1979DA5821598645004B02B1 /* SeasonListViewController.swift */ = {isa = PBXFileReference; lastKnownFileType = sourcecode.swift; path = SeasonListViewController.swift; sourceTree = "<group>"; };
		1979DA5921598645004B02B1 /* SeasonListViewController.xib */ = {isa = PBXFileReference; lastKnownFileType = file.xib; path = SeasonListViewController.xib; sourceTree = "<group>"; };
		1979DA5C2159872E004B02B1 /* SeasonCell.swift */ = {isa = PBXFileReference; lastKnownFileType = sourcecode.swift; path = SeasonCell.swift; sourceTree = "<group>"; };
		1979DA5D2159872E004B02B1 /* SeasonCell.xib */ = {isa = PBXFileReference; lastKnownFileType = file.xib; path = SeasonCell.xib; sourceTree = "<group>"; };
		19922D002157E66C00A38746 /* SeasonTests.swift */ = {isa = PBXFileReference; lastKnownFileType = sourcecode.swift; path = SeasonTests.swift; sourceTree = "<group>"; };
		1994C7C42152DACD00E51424 /* Notification+Name.swift */ = {isa = PBXFileReference; lastKnownFileType = sourcecode.swift; path = "Notification+Name.swift"; sourceTree = "<group>"; };
		1994C7C72152DF3100E51424 /* HouseCell.swift */ = {isa = PBXFileReference; lastKnownFileType = sourcecode.swift; path = HouseCell.swift; sourceTree = "<group>"; };
		1994C7C82152DF3100E51424 /* HouseCell.xib */ = {isa = PBXFileReference; lastKnownFileType = file.xib; path = HouseCell.xib; sourceTree = "<group>"; };
		1994C7CC2152EC4900E51424 /* HouseCollectionViewController.swift */ = {isa = PBXFileReference; lastKnownFileType = sourcecode.swift; path = HouseCollectionViewController.swift; sourceTree = "<group>"; };
		1994C7CD2152EC4900E51424 /* HouseCollectionViewController.xib */ = {isa = PBXFileReference; lastKnownFileType = file.xib; path = HouseCollectionViewController.xib; sourceTree = "<group>"; };
		1994C7D02152F2D900E51424 /* HouseCollectionViewCell.swift */ = {isa = PBXFileReference; lastKnownFileType = sourcecode.swift; path = HouseCollectionViewCell.swift; sourceTree = "<group>"; };
		1994C7D12152F2D900E51424 /* HouseCollectionViewCell.xib */ = {isa = PBXFileReference; lastKnownFileType = file.xib; path = HouseCollectionViewCell.xib; sourceTree = "<group>"; };
		19BA826B2149A31F008EB623 /* HouseDetailViewController.swift */ = {isa = PBXFileReference; lastKnownFileType = sourcecode.swift; path = HouseDetailViewController.swift; sourceTree = "<group>"; };
		19BA826C2149A31F008EB623 /* HouseDetailViewController.xib */ = {isa = PBXFileReference; lastKnownFileType = file.xib; path = HouseDetailViewController.xib; sourceTree = "<group>"; };
		19BA82702149A383008EB623 /* targaryenSmall.jpg */ = {isa = PBXFileReference; lastKnownFileType = image.jpeg; path = targaryenSmall.jpg; sourceTree = "<group>"; };
		19BA82712149A383008EB623 /* lannister.jpg */ = {isa = PBXFileReference; lastKnownFileType = image.jpeg; path = lannister.jpg; sourceTree = "<group>"; };
		19BA82722149A383008EB623 /* codeIsComing.png */ = {isa = PBXFileReference; lastKnownFileType = image.png; path = codeIsComing.png; sourceTree = "<group>"; };
		19BA82772149B9F1008EB623 /* UIViewController+Navigation.swift */ = {isa = PBXFileReference; lastKnownFileType = sourcecode.swift; path = "UIViewController+Navigation.swift"; sourceTree = "<group>"; };
		19BA82792149BBFD008EB623 /* RepositoryTests.swift */ = {isa = PBXFileReference; lastKnownFileType = sourcecode.swift; path = RepositoryTests.swift; sourceTree = "<group>"; };
		19BA827C2149BCC1008EB623 /* Repository.swift */ = {isa = PBXFileReference; lastKnownFileType = sourcecode.swift; path = Repository.swift; sourceTree = "<group>"; };
		19DC939121601966002C6800 /* Colors.swift */ = {isa = PBXFileReference; lastKnownFileType = sourcecode.swift; path = Colors.swift; sourceTree = "<group>"; };
		19E77FBE215D350E00474796 /* EpisodeListViewController.swift */ = {isa = PBXFileReference; lastKnownFileType = sourcecode.swift; path = EpisodeListViewController.swift; sourceTree = "<group>"; };
		19E77FBF215D350E00474796 /* EpisodeListViewController.xib */ = {isa = PBXFileReference; lastKnownFileType = file.xib; path = EpisodeListViewController.xib; sourceTree = "<group>"; };
		19E77FC2215D3C5400474796 /* EpisodeDetailViewController.swift */ = {isa = PBXFileReference; lastKnownFileType = sourcecode.swift; path = EpisodeDetailViewController.swift; sourceTree = "<group>"; };
		19E77FC3215D3C5400474796 /* EpisodeDetailViewController.xib */ = {isa = PBXFileReference; lastKnownFileType = file.xib; path = EpisodeDetailViewController.xib; sourceTree = "<group>"; };
		19EE80C12160DD8900527D9E /* House-Arryn-Main-Shield.png */ = {isa = PBXFileReference; lastKnownFileType = image.png; path = "House-Arryn-Main-Shield.png"; sourceTree = "<group>"; };
		19EE80C32160DF9B00527D9E /* House-Greyjoy-Main-Shield.png */ = {isa = PBXFileReference; lastKnownFileType = image.png; path = "House-Greyjoy-Main-Shield.png"; sourceTree = "<group>"; };
		19EE80C7216106D400527D9E /* House_Bolton.png */ = {isa = PBXFileReference; lastKnownFileType = image.png; path = House_Bolton.png; sourceTree = "<group>"; };
		19EE80C92161098100527D9E /* House-Tully-Main-Shield.png */ = {isa = PBXFileReference; lastKnownFileType = image.png; path = "House-Tully-Main-Shield.png"; sourceTree = "<group>"; };
		19EE80CB21610D0500527D9E /* House-Frey-Main-Shield.png */ = {isa = PBXFileReference; lastKnownFileType = image.png; path = "House-Frey-Main-Shield.png"; sourceTree = "<group>"; };
		19FB8A47215A93E2008A002A /* SeasonDetailViewController.swift */ = {isa = PBXFileReference; lastKnownFileType = sourcecode.swift; path = SeasonDetailViewController.swift; sourceTree = "<group>"; };
		19FB8A48215A93E2008A002A /* SeasonDetailViewController.xib */ = {isa = PBXFileReference; lastKnownFileType = file.xib; path = SeasonDetailViewController.xib; sourceTree = "<group>"; };
		19FB8A4B215AB630008A002A /* MemberDetailViewController.swift */ = {isa = PBXFileReference; lastKnownFileType = sourcecode.swift; path = MemberDetailViewController.swift; sourceTree = "<group>"; };
		19FB8A4C215AB630008A002A /* MemberDetailViewController.xib */ = {isa = PBXFileReference; lastKnownFileType = file.xib; path = MemberDetailViewController.xib; sourceTree = "<group>"; };
/* End PBXFileReference section */

/* Begin PBXFrameworksBuildPhase section */
		1942F4D82141B371009210B7 /* Frameworks */ = {
			isa = PBXFrameworksBuildPhase;
			buildActionMask = 2147483647;
			files = (
			);
			runOnlyForDeploymentPostprocessing = 0;
		};
		1942F4EC2141B373009210B7 /* Frameworks */ = {
			isa = PBXFrameworksBuildPhase;
			buildActionMask = 2147483647;
			files = (
			);
			runOnlyForDeploymentPostprocessing = 0;
		};
/* End PBXFrameworksBuildPhase section */

/* Begin PBXGroup section */
		1942F4D22141B371009210B7 = {
			isa = PBXGroup;
			children = (
				1942F4DD2141B371009210B7 /* Westeros */,
				1942F4F22141B373009210B7 /* WesterosTests */,
				1942F4DC2141B371009210B7 /* Products */,
			);
			sourceTree = "<group>";
		};
		1942F4DC2141B371009210B7 /* Products */ = {
			isa = PBXGroup;
			children = (
				1942F4DB2141B371009210B7 /* Westeros.app */,
				1942F4EF2141B373009210B7 /* WesterosTests.xctest */,
			);
			name = Products;
			sourceTree = "<group>";
		};
		1942F4DD2141B371009210B7 /* Westeros */ = {
			isa = PBXGroup;
			children = (
				1942F4DE2141B371009210B7 /* AppDelegate.swift */,
				1938FC752151A8BA009D09BE /* Constants.swift */,
				19BA82762149B9B3008EB623 /* Additions */,
				19BA82642149A1ED008EB623 /* Resources */,
				1942F5002141BD74009210B7 /* Domain */,
				1942F4E52141B373009210B7 /* Assets.xcassets */,
				1942F4E72141B373009210B7 /* LaunchScreen.storyboard */,
				19BA826F2149A325008EB623 /* Controllers */,
				1994C7C62152DEF000E51424 /* Views */,
				1942F4EA2141B373009210B7 /* Info.plist */,
			);
			path = Westeros;
			sourceTree = "<group>";
		};
		1942F4F22141B373009210B7 /* WesterosTests */ = {
			isa = PBXGroup;
			children = (
				1942F4F52141B373009210B7 /* Info.plist */,
				19BA82792149BBFD008EB623 /* RepositoryTests.swift */,
				1942F5092141D60A009210B7 /* HouseTests.swift */,
				1942F50A2141D60A009210B7 /* PersonTests.swift */,
				19922D002157E66C00A38746 /* SeasonTests.swift */,
				196D92BB21564CEF009CFA11 /* EpisodeTests.swift */,
			);
			path = WesterosTests;
			sourceTree = "<group>";
		};
		1942F5002141BD74009210B7 /* Domain */ = {
			isa = PBXGroup;
			children = (
				19BA827B2149BCB1008EB623 /* Domain */,
				1942F5012141BD99009210B7 /* House.swift */,
				1942F5072141C918009210B7 /* Person.swift */,
				1942F5032141C21F009210B7 /* Sigil.swift */,
				196D92B721563D87009CFA11 /* Season.swift */,
				196D92B921563E2A009CFA11 /* Episode.swift */,
			);
			path = Domain;
			sourceTree = "<group>";
		};
		1994C7C62152DEF000E51424 /* Views */ = {
			isa = PBXGroup;
			children = (
				1994C7C72152DF3100E51424 /* HouseCell.swift */,
				1994C7C82152DF3100E51424 /* HouseCell.xib */,
				1979DA5C2159872E004B02B1 /* SeasonCell.swift */,
				1979DA5D2159872E004B02B1 /* SeasonCell.xib */,
			);
			path = Views;
			sourceTree = "<group>";
		};
		1994C7CB2152EC2D00E51424 /* Extra */ = {
			isa = PBXGroup;
			children = (
				1994C7CC2152EC4900E51424 /* HouseCollectionViewController.swift */,
				1994C7CD2152EC4900E51424 /* HouseCollectionViewController.xib */,
				1994C7D02152F2D900E51424 /* HouseCollectionViewCell.swift */,
				1994C7D12152F2D900E51424 /* HouseCollectionViewCell.xib */,
			);
			path = Extra;
			sourceTree = "<group>";
		};
		19BA82642149A1ED008EB623 /* Resources */ = {
			isa = PBXGroup;
			children = (
				19BA82722149A383008EB623 /* codeIsComing.png */,
				19BA82712149A383008EB623 /* lannister.jpg */,
				19BA82702149A383008EB623 /* targaryenSmall.jpg */,
				19EE80C12160DD8900527D9E /* House-Arryn-Main-Shield.png */,
				19EE80C32160DF9B00527D9E /* House-Greyjoy-Main-Shield.png */,
				19EE80C7216106D400527D9E /* House_Bolton.png */,
				19EE80C92161098100527D9E /* House-Tully-Main-Shield.png */,
				19EE80CB21610D0500527D9E /* House-Frey-Main-Shield.png */,
			);
			path = Resources;
			sourceTree = "<group>";
		};
		19BA826F2149A325008EB623 /* Controllers */ = {
			isa = PBXGroup;
			children = (
				1994C7CB2152EC2D00E51424 /* Extra */,
				19012504215059D1001A7E73 /* HouseListViewController.swift */,
				19012505215059D1001A7E73 /* HouseListViewController.xib */,
				19BA826B2149A31F008EB623 /* HouseDetailViewController.swift */,
				19BA826C2149A31F008EB623 /* HouseDetailViewController.xib */,
				1938FC71215189AB009D09BE /* MemberListViewController.swift */,
				1938FC72215189AB009D09BE /* MemberListViewController.xib */,
				19FB8A4B215AB630008A002A /* MemberDetailViewController.swift */,
				19FB8A4C215AB630008A002A /* MemberDetailViewController.xib */,
				190125002150336D001A7E73 /* WikiViewController.swift */,
				190125012150336D001A7E73 /* WikiViewController.xib */,
				1979DA5821598645004B02B1 /* SeasonListViewController.swift */,
				1979DA5921598645004B02B1 /* SeasonListViewController.xib */,
				19FB8A47215A93E2008A002A /* SeasonDetailViewController.swift */,
				19FB8A48215A93E2008A002A /* SeasonDetailViewController.xib */,
				19E77FBE215D350E00474796 /* EpisodeListViewController.swift */,
				19E77FBF215D350E00474796 /* EpisodeListViewController.xib */,
				19E77FC2215D3C5400474796 /* EpisodeDetailViewController.swift */,
				19E77FC3215D3C5400474796 /* EpisodeDetailViewController.xib */,
			);
			path = Controllers;
			sourceTree = "<group>";
		};
		19BA82762149B9B3008EB623 /* Additions */ = {
			isa = PBXGroup;
			children = (
				19BA82772149B9F1008EB623 /* UIViewController+Navigation.swift */,
				1994C7C42152DACD00E51424 /* Notification+Name.swift */,
				196D92BD21566250009CFA11 /* Date+String.swift */,
				19DC939121601966002C6800 /* Colors.swift */,
			);
			path = Additions;
			sourceTree = "<group>";
		};
		19BA827B2149BCB1008EB623 /* Domain */ = {
			isa = PBXGroup;
			children = (
				19BA827C2149BCC1008EB623 /* Repository.swift */,
			);
			path = Domain;
			sourceTree = "<group>";
		};
/* End PBXGroup section */

/* Begin PBXNativeTarget section */
		1942F4DA2141B371009210B7 /* Westeros */ = {
			isa = PBXNativeTarget;
			buildConfigurationList = 1942F4F82141B373009210B7 /* Build configuration list for PBXNativeTarget "Westeros" */;
			buildPhases = (
				1942F4D72141B371009210B7 /* Sources */,
				1942F4D82141B371009210B7 /* Frameworks */,
				1942F4D92141B371009210B7 /* Resources */,
			);
			buildRules = (
			);
			dependencies = (
			);
			name = Westeros;
			productName = Westeros;
			productReference = 1942F4DB2141B371009210B7 /* Westeros.app */;
			productType = "com.apple.product-type.application";
		};
		1942F4EE2141B373009210B7 /* WesterosTests */ = {
			isa = PBXNativeTarget;
			buildConfigurationList = 1942F4FB2141B373009210B7 /* Build configuration list for PBXNativeTarget "WesterosTests" */;
			buildPhases = (
				1942F4EB2141B373009210B7 /* Sources */,
				1942F4EC2141B373009210B7 /* Frameworks */,
				1942F4ED2141B373009210B7 /* Resources */,
			);
			buildRules = (
			);
			dependencies = (
				1942F4F12141B373009210B7 /* PBXTargetDependency */,
			);
			name = WesterosTests;
			productName = WesterosTests;
			productReference = 1942F4EF2141B373009210B7 /* WesterosTests.xctest */;
			productType = "com.apple.product-type.bundle.unit-test";
		};
/* End PBXNativeTarget section */

/* Begin PBXProject section */
		1942F4D32141B371009210B7 /* Project object */ = {
			isa = PBXProject;
			attributes = {
				LastSwiftUpdateCheck = 1000;
				LastUpgradeCheck = 1000;
				ORGANIZATIONNAME = "Cristian Espes";
				TargetAttributes = {
					1942F4DA2141B371009210B7 = {
						CreatedOnToolsVersion = 10.0;
					};
					1942F4EE2141B373009210B7 = {
						CreatedOnToolsVersion = 10.0;
						LastSwiftMigration = 1000;
						TestTargetID = 1942F4DA2141B371009210B7;
					};
				};
			};
			buildConfigurationList = 1942F4D62141B371009210B7 /* Build configuration list for PBXProject "Westeros" */;
			compatibilityVersion = "Xcode 9.3";
			developmentRegion = en;
			hasScannedForEncodings = 0;
			knownRegions = (
				en,
				Base,
			);
			mainGroup = 1942F4D22141B371009210B7;
			productRefGroup = 1942F4DC2141B371009210B7 /* Products */;
			projectDirPath = "";
			projectRoot = "";
			targets = (
				1942F4DA2141B371009210B7 /* Westeros */,
				1942F4EE2141B373009210B7 /* WesterosTests */,
			);
		};
/* End PBXProject section */

/* Begin PBXResourcesBuildPhase section */
		1942F4D92141B371009210B7 /* Resources */ = {
			isa = PBXResourcesBuildPhase;
			buildActionMask = 2147483647;
			files = (
				19FB8A4A215A93E2008A002A /* SeasonDetailViewController.xib in Resources */,
				1942F4E92141B373009210B7 /* LaunchScreen.storyboard in Resources */,
				190125032150336D001A7E73 /* WikiViewController.xib in Resources */,
				1979DA5F2159872E004B02B1 /* SeasonCell.xib in Resources */,
				1994C7CA2152DF3100E51424 /* HouseCell.xib in Resources */,
				1994C7CF2152EC4900E51424 /* HouseCollectionViewController.xib in Resources */,
				19BA826E2149A31F008EB623 /* HouseDetailViewController.xib in Resources */,
				19EE80C8216106D400527D9E /* House_Bolton.png in Resources */,
				19012507215059D1001A7E73 /* HouseListViewController.xib in Resources */,
				19EE80C22160DD8900527D9E /* House-Arryn-Main-Shield.png in Resources */,
				1938FC74215189AB009D09BE /* MemberListViewController.xib in Resources */,
				1994C7D32152F2D900E51424 /* HouseCollectionViewCell.xib in Resources */,
				1979DA5B21598645004B02B1 /* SeasonListViewController.xib in Resources */,
				19BA82742149A383008EB623 /* lannister.jpg in Resources */,
				19BA82752149A383008EB623 /* codeIsComing.png in Resources */,
				19EE80CC21610D0500527D9E /* House-Frey-Main-Shield.png in Resources */,
				19FB8A4E215AB630008A002A /* MemberDetailViewController.xib in Resources */,
				1942F4E62141B373009210B7 /* Assets.xcassets in Resources */,
				19EE80CA2161098100527D9E /* House-Tully-Main-Shield.png in Resources */,
				19BA82732149A383008EB623 /* targaryenSmall.jpg in Resources */,
				19E77FC1215D350E00474796 /* EpisodeListViewController.xib in Resources */,
				19EE80C42160DF9B00527D9E /* House-Greyjoy-Main-Shield.png in Resources */,
				19E77FC5215D3C5400474796 /* EpisodeDetailViewController.xib in Resources */,
			);
			runOnlyForDeploymentPostprocessing = 0;
		};
		1942F4ED2141B373009210B7 /* Resources */ = {
			isa = PBXResourcesBuildPhase;
			buildActionMask = 2147483647;
			files = (
			);
			runOnlyForDeploymentPostprocessing = 0;
		};
/* End PBXResourcesBuildPhase section */

/* Begin PBXSourcesBuildPhase section */
		1942F4D72141B371009210B7 /* Sources */ = {
			isa = PBXSourcesBuildPhase;
			buildActionMask = 2147483647;
			files = (
				196D92B821563D87009CFA11 /* Season.swift in Sources */,
				19BA827D2149BCC1008EB623 /* Repository.swift in Sources */,
				1938FC762151A8BA009D09BE /* Constants.swift in Sources */,
				19BA82782149B9F1008EB623 /* UIViewController+Navigation.swift in Sources */,
				19BA826D2149A31F008EB623 /* HouseDetailViewController.swift in Sources */,
				1979DA5A21598645004B02B1 /* SeasonListViewController.swift in Sources */,
				1942F5042141C21F009210B7 /* Sigil.swift in Sources */,
				1994C7CE2152EC4900E51424 /* HouseCollectionViewController.swift in Sources */,
				1994C7C52152DACD00E51424 /* Notification+Name.swift in Sources */,
				1994C7D22152F2D900E51424 /* HouseCollectionViewCell.swift in Sources */,
				1938FC73215189AB009D09BE /* MemberListViewController.swift in Sources */,
				1994C7C92152DF3100E51424 /* HouseCell.swift in Sources */,
				1979DA5E2159872E004B02B1 /* SeasonCell.swift in Sources */,
				19E77FC4215D3C5400474796 /* EpisodeDetailViewController.swift in Sources */,
				1942F5022141BD99009210B7 /* House.swift in Sources */,
				1942F4DF2141B371009210B7 /* AppDelegate.swift in Sources */,
				19E77FC0215D350E00474796 /* EpisodeListViewController.swift in Sources */,
				196D92BA21563E2A009CFA11 /* Episode.swift in Sources */,
				196D92BE21566250009CFA11 /* Date+String.swift in Sources */,
				190125022150336D001A7E73 /* WikiViewController.swift in Sources */,
				19DC939221601966002C6800 /* Colors.swift in Sources */,
				1942F5082141C918009210B7 /* Person.swift in Sources */,
				19FB8A4D215AB630008A002A /* MemberDetailViewController.swift in Sources */,
				19012506215059D1001A7E73 /* HouseListViewController.swift in Sources */,
				19FB8A49215A93E2008A002A /* SeasonDetailViewController.swift in Sources */,
			);
			runOnlyForDeploymentPostprocessing = 0;
		};
		1942F4EB2141B373009210B7 /* Sources */ = {
			isa = PBXSourcesBuildPhase;
			buildActionMask = 2147483647;
			files = (
				19922D012157E66C00A38746 /* SeasonTests.swift in Sources */,
				1942F50C2141D60A009210B7 /* PersonTests.swift in Sources */,
				196D92BC21564CEF009CFA11 /* EpisodeTests.swift in Sources */,
				1942F50B2141D60A009210B7 /* HouseTests.swift in Sources */,
				19BA827A2149BBFD008EB623 /* RepositoryTests.swift in Sources */,
			);
			runOnlyForDeploymentPostprocessing = 0;
		};
/* End PBXSourcesBuildPhase section */

/* Begin PBXTargetDependency section */
		1942F4F12141B373009210B7 /* PBXTargetDependency */ = {
			isa = PBXTargetDependency;
			target = 1942F4DA2141B371009210B7 /* Westeros */;
			targetProxy = 1942F4F02141B373009210B7 /* PBXContainerItemProxy */;
		};
/* End PBXTargetDependency section */

/* Begin PBXVariantGroup section */
		1942F4E72141B373009210B7 /* LaunchScreen.storyboard */ = {
			isa = PBXVariantGroup;
			children = (
				1942F4E82141B373009210B7 /* Base */,
			);
			name = LaunchScreen.storyboard;
			sourceTree = "<group>";
		};
/* End PBXVariantGroup section */

/* Begin XCBuildConfiguration section */
		1942F4F62141B373009210B7 /* Debug */ = {
			isa = XCBuildConfiguration;
			buildSettings = {
				ALWAYS_SEARCH_USER_PATHS = NO;
				CLANG_ANALYZER_NONNULL = YES;
				CLANG_ANALYZER_NUMBER_OBJECT_CONVERSION = YES_AGGRESSIVE;
				CLANG_CXX_LANGUAGE_STANDARD = "gnu++14";
				CLANG_CXX_LIBRARY = "libc++";
				CLANG_ENABLE_MODULES = YES;
				CLANG_ENABLE_OBJC_ARC = YES;
				CLANG_ENABLE_OBJC_WEAK = YES;
				CLANG_WARN_BLOCK_CAPTURE_AUTORELEASING = YES;
				CLANG_WARN_BOOL_CONVERSION = YES;
				CLANG_WARN_COMMA = YES;
				CLANG_WARN_CONSTANT_CONVERSION = YES;
				CLANG_WARN_DEPRECATED_OBJC_IMPLEMENTATIONS = YES;
				CLANG_WARN_DIRECT_OBJC_ISA_USAGE = YES_ERROR;
				CLANG_WARN_DOCUMENTATION_COMMENTS = YES;
				CLANG_WARN_EMPTY_BODY = YES;
				CLANG_WARN_ENUM_CONVERSION = YES;
				CLANG_WARN_INFINITE_RECURSION = YES;
				CLANG_WARN_INT_CONVERSION = YES;
				CLANG_WARN_NON_LITERAL_NULL_CONVERSION = YES;
				CLANG_WARN_OBJC_IMPLICIT_RETAIN_SELF = YES;
				CLANG_WARN_OBJC_LITERAL_CONVERSION = YES;
				CLANG_WARN_OBJC_ROOT_CLASS = YES_ERROR;
				CLANG_WARN_RANGE_LOOP_ANALYSIS = YES;
				CLANG_WARN_STRICT_PROTOTYPES = YES;
				CLANG_WARN_SUSPICIOUS_MOVE = YES;
				CLANG_WARN_UNGUARDED_AVAILABILITY = YES_AGGRESSIVE;
				CLANG_WARN_UNREACHABLE_CODE = YES;
				CLANG_WARN__DUPLICATE_METHOD_MATCH = YES;
				CODE_SIGN_IDENTITY = "iPhone Developer";
				COPY_PHASE_STRIP = NO;
				DEBUG_INFORMATION_FORMAT = dwarf;
				ENABLE_STRICT_OBJC_MSGSEND = YES;
				ENABLE_TESTABILITY = YES;
				GCC_C_LANGUAGE_STANDARD = gnu11;
				GCC_DYNAMIC_NO_PIC = NO;
				GCC_NO_COMMON_BLOCKS = YES;
				GCC_OPTIMIZATION_LEVEL = 0;
				GCC_PREPROCESSOR_DEFINITIONS = (
					"DEBUG=1",
					"$(inherited)",
				);
				GCC_WARN_64_TO_32_BIT_CONVERSION = YES;
				GCC_WARN_ABOUT_RETURN_TYPE = YES_ERROR;
				GCC_WARN_UNDECLARED_SELECTOR = YES;
				GCC_WARN_UNINITIALIZED_AUTOS = YES_AGGRESSIVE;
				GCC_WARN_UNUSED_FUNCTION = YES;
				GCC_WARN_UNUSED_VARIABLE = YES;
				IPHONEOS_DEPLOYMENT_TARGET = 12.0;
				MTL_ENABLE_DEBUG_INFO = INCLUDE_SOURCE;
				MTL_FAST_MATH = YES;
				ONLY_ACTIVE_ARCH = YES;
				SDKROOT = iphoneos;
				SWIFT_ACTIVE_COMPILATION_CONDITIONS = DEBUG;
				SWIFT_OPTIMIZATION_LEVEL = "-Onone";
			};
			name = Debug;
		};
		1942F4F72141B373009210B7 /* Release */ = {
			isa = XCBuildConfiguration;
			buildSettings = {
				ALWAYS_SEARCH_USER_PATHS = NO;
				CLANG_ANALYZER_NONNULL = YES;
				CLANG_ANALYZER_NUMBER_OBJECT_CONVERSION = YES_AGGRESSIVE;
				CLANG_CXX_LANGUAGE_STANDARD = "gnu++14";
				CLANG_CXX_LIBRARY = "libc++";
				CLANG_ENABLE_MODULES = YES;
				CLANG_ENABLE_OBJC_ARC = YES;
				CLANG_ENABLE_OBJC_WEAK = YES;
				CLANG_WARN_BLOCK_CAPTURE_AUTORELEASING = YES;
				CLANG_WARN_BOOL_CONVERSION = YES;
				CLANG_WARN_COMMA = YES;
				CLANG_WARN_CONSTANT_CONVERSION = YES;
				CLANG_WARN_DEPRECATED_OBJC_IMPLEMENTATIONS = YES;
				CLANG_WARN_DIRECT_OBJC_ISA_USAGE = YES_ERROR;
				CLANG_WARN_DOCUMENTATION_COMMENTS = YES;
				CLANG_WARN_EMPTY_BODY = YES;
				CLANG_WARN_ENUM_CONVERSION = YES;
				CLANG_WARN_INFINITE_RECURSION = YES;
				CLANG_WARN_INT_CONVERSION = YES;
				CLANG_WARN_NON_LITERAL_NULL_CONVERSION = YES;
				CLANG_WARN_OBJC_IMPLICIT_RETAIN_SELF = YES;
				CLANG_WARN_OBJC_LITERAL_CONVERSION = YES;
				CLANG_WARN_OBJC_ROOT_CLASS = YES_ERROR;
				CLANG_WARN_RANGE_LOOP_ANALYSIS = YES;
				CLANG_WARN_STRICT_PROTOTYPES = YES;
				CLANG_WARN_SUSPICIOUS_MOVE = YES;
				CLANG_WARN_UNGUARDED_AVAILABILITY = YES_AGGRESSIVE;
				CLANG_WARN_UNREACHABLE_CODE = YES;
				CLANG_WARN__DUPLICATE_METHOD_MATCH = YES;
				CODE_SIGN_IDENTITY = "iPhone Developer";
				COPY_PHASE_STRIP = NO;
				DEBUG_INFORMATION_FORMAT = "dwarf-with-dsym";
				ENABLE_NS_ASSERTIONS = NO;
				ENABLE_STRICT_OBJC_MSGSEND = YES;
				GCC_C_LANGUAGE_STANDARD = gnu11;
				GCC_NO_COMMON_BLOCKS = YES;
				GCC_WARN_64_TO_32_BIT_CONVERSION = YES;
				GCC_WARN_ABOUT_RETURN_TYPE = YES_ERROR;
				GCC_WARN_UNDECLARED_SELECTOR = YES;
				GCC_WARN_UNINITIALIZED_AUTOS = YES_AGGRESSIVE;
				GCC_WARN_UNUSED_FUNCTION = YES;
				GCC_WARN_UNUSED_VARIABLE = YES;
				IPHONEOS_DEPLOYMENT_TARGET = 12.0;
				MTL_ENABLE_DEBUG_INFO = NO;
				MTL_FAST_MATH = YES;
				SDKROOT = iphoneos;
				SWIFT_COMPILATION_MODE = wholemodule;
				SWIFT_OPTIMIZATION_LEVEL = "-O";
				VALIDATE_PRODUCT = YES;
			};
			name = Release;
		};
		1942F4F92141B373009210B7 /* Debug */ = {
			isa = XCBuildConfiguration;
			buildSettings = {
				ASSETCATALOG_COMPILER_APPICON_NAME = AppIcon;
				CODE_SIGN_STYLE = Automatic;
				DEVELOPMENT_TEAM = W9B4U9692J;
				INFOPLIST_FILE = Westeros/Info.plist;
				IPHONEOS_DEPLOYMENT_TARGET = 11.0;
				LD_RUNPATH_SEARCH_PATHS = (
					"$(inherited)",
					"@executable_path/Frameworks",
				);
				PRODUCT_BUNDLE_IDENTIFIER = com.celes.Westeros;
				PRODUCT_NAME = "$(TARGET_NAME)";
				SWIFT_VERSION = 4.2;
				TARGETED_DEVICE_FAMILY = "1,2";
			};
			name = Debug;
		};
		1942F4FA2141B373009210B7 /* Release */ = {
			isa = XCBuildConfiguration;
			buildSettings = {
				ASSETCATALOG_COMPILER_APPICON_NAME = AppIcon;
				CODE_SIGN_STYLE = Automatic;
				DEVELOPMENT_TEAM = W9B4U9692J;
				INFOPLIST_FILE = Westeros/Info.plist;
				IPHONEOS_DEPLOYMENT_TARGET = 11.0;
				LD_RUNPATH_SEARCH_PATHS = (
					"$(inherited)",
					"@executable_path/Frameworks",
				);
				PRODUCT_BUNDLE_IDENTIFIER = com.celes.Westeros;
				PRODUCT_NAME = "$(TARGET_NAME)";
				SWIFT_VERSION = 4.2;
				TARGETED_DEVICE_FAMILY = "1,2";
			};
			name = Release;
		};
		1942F4FC2141B373009210B7 /* Debug */ = {
			isa = XCBuildConfiguration;
			buildSettings = {
				ALWAYS_EMBED_SWIFT_STANDARD_LIBRARIES = YES;
				BUNDLE_LOADER = "$(TEST_HOST)";
				CLANG_ENABLE_MODULES = YES;
				CODE_SIGN_STYLE = Automatic;
				DEVELOPMENT_TEAM = W9B4U9692J;
				INFOPLIST_FILE = WesterosTests/Info.plist;
				LD_RUNPATH_SEARCH_PATHS = (
					"$(inherited)",
					"@executable_path/Frameworks",
					"@loader_path/Frameworks",
				);
				PRODUCT_BUNDLE_IDENTIFIER = com.celes.WesterosTests;
				PRODUCT_NAME = "$(TARGET_NAME)";
				SWIFT_OPTIMIZATION_LEVEL = "-Onone";
				SWIFT_VERSION = 4.2;
				TARGETED_DEVICE_FAMILY = "1,2";
				TEST_HOST = "$(BUILT_PRODUCTS_DIR)/Westeros.app/Westeros";
			};
			name = Debug;
		};
		1942F4FD2141B373009210B7 /* Release */ = {
			isa = XCBuildConfiguration;
			buildSettings = {
				ALWAYS_EMBED_SWIFT_STANDARD_LIBRARIES = YES;
				BUNDLE_LOADER = "$(TEST_HOST)";
				CLANG_ENABLE_MODULES = YES;
				CODE_SIGN_STYLE = Automatic;
				DEVELOPMENT_TEAM = W9B4U9692J;
				INFOPLIST_FILE = WesterosTests/Info.plist;
				LD_RUNPATH_SEARCH_PATHS = (
					"$(inherited)",
					"@executable_path/Frameworks",
					"@loader_path/Frameworks",
				);
				PRODUCT_BUNDLE_IDENTIFIER = com.celes.WesterosTests;
				PRODUCT_NAME = "$(TARGET_NAME)";
				SWIFT_VERSION = 4.2;
				TARGETED_DEVICE_FAMILY = "1,2";
				TEST_HOST = "$(BUILT_PRODUCTS_DIR)/Westeros.app/Westeros";
			};
			name = Release;
		};
/* End XCBuildConfiguration section */

/* Begin XCConfigurationList section */
		1942F4D62141B371009210B7 /* Build configuration list for PBXProject "Westeros" */ = {
			isa = XCConfigurationList;
			buildConfigurations = (
				1942F4F62141B373009210B7 /* Debug */,
				1942F4F72141B373009210B7 /* Release */,
			);
			defaultConfigurationIsVisible = 0;
			defaultConfigurationName = Release;
		};
		1942F4F82141B373009210B7 /* Build configuration list for PBXNativeTarget "Westeros" */ = {
			isa = XCConfigurationList;
			buildConfigurations = (
				1942F4F92141B373009210B7 /* Debug */,
				1942F4FA2141B373009210B7 /* Release */,
			);
			defaultConfigurationIsVisible = 0;
			defaultConfigurationName = Release;
		};
		1942F4FB2141B373009210B7 /* Build configuration list for PBXNativeTarget "WesterosTests" */ = {
			isa = XCConfigurationList;
			buildConfigurations = (
				1942F4FC2141B373009210B7 /* Debug */,
				1942F4FD2141B373009210B7 /* Release */,
			);
			defaultConfigurationIsVisible = 0;
			defaultConfigurationName = Release;
		};
/* End XCConfigurationList section */
	};
	rootObject = 1942F4D32141B371009210B7 /* Project object */;
}
